// !$*UTF8*$!
{
	archiveVersion = 1;
	classes = {
	};
	objectVersion = 50;
	objects = {

/* Begin PBXBuildFile section */
		980F67DD272E86200081240B /* BLEManager.swift in Sources */ = {isa = PBXBuildFile; fileRef = 980F67DC272E86200081240B /* BLEManager.swift */; };
		983B641D2740D8A20028F56A /* Command.swift in Sources */ = {isa = PBXBuildFile; fileRef = 983B641C2740D8A20028F56A /* Command.swift */; };
		983B641F2740DA640028F56A /* BLEManagerError.swift in Sources */ = {isa = PBXBuildFile; fileRef = 983B641E2740DA640028F56A /* BLEManagerError.swift */; };
		98F0571626ECAFB1000185E4 /* AppDelegate.swift in Sources */ = {isa = PBXBuildFile; fileRef = 98F0571526ECAFB1000185E4 /* AppDelegate.swift */; };
		98F0571826ECAFB1000185E4 /* SceneDelegate.swift in Sources */ = {isa = PBXBuildFile; fileRef = 98F0571726ECAFB1000185E4 /* SceneDelegate.swift */; };
		98F0571A26ECAFB1000185E4 /* ViewController.swift in Sources */ = {isa = PBXBuildFile; fileRef = 98F0571926ECAFB1000185E4 /* ViewController.swift */; };
		98F0571D26ECAFB1000185E4 /* Main.storyboard in Resources */ = {isa = PBXBuildFile; fileRef = 98F0571B26ECAFB1000185E4 /* Main.storyboard */; };
		98F0571F26ECAFB2000185E4 /* Assets.xcassets in Resources */ = {isa = PBXBuildFile; fileRef = 98F0571E26ECAFB2000185E4 /* Assets.xcassets */; };
		98F0572226ECAFB2000185E4 /* LaunchScreen.storyboard in Resources */ = {isa = PBXBuildFile; fileRef = 98F0572026ECAFB2000185E4 /* LaunchScreen.storyboard */; };
		98F0572E26ECB37F000185E4 /* ExternalAccessory.framework in Frameworks */ = {isa = PBXBuildFile; fileRef = 98F0572D26ECB37F000185E4 /* ExternalAccessory.framework */; };
/* End PBXBuildFile section */

/* Begin PBXFileReference section */
		980F67DC272E86200081240B /* BLEManager.swift */ = {isa = PBXFileReference; lastKnownFileType = sourcecode.swift; path = BLEManager.swift; sourceTree = "<group>"; };
		983B641C2740D8A20028F56A /* Command.swift */ = {isa = PBXFileReference; lastKnownFileType = sourcecode.swift; path = Command.swift; sourceTree = "<group>"; };
		983B641E2740DA640028F56A /* BLEManagerError.swift */ = {isa = PBXFileReference; lastKnownFileType = sourcecode.swift; path = BLEManagerError.swift; sourceTree = "<group>"; };
		98F0571226ECAFB1000185E4 /* BLE_Test.app */ = {isa = PBXFileReference; explicitFileType = wrapper.application; includeInIndex = 0; path = BLE_Test.app; sourceTree = BUILT_PRODUCTS_DIR; };
		98F0571526ECAFB1000185E4 /* AppDelegate.swift */ = {isa = PBXFileReference; lastKnownFileType = sourcecode.swift; path = AppDelegate.swift; sourceTree = "<group>"; };
		98F0571726ECAFB1000185E4 /* SceneDelegate.swift */ = {isa = PBXFileReference; lastKnownFileType = sourcecode.swift; path = SceneDelegate.swift; sourceTree = "<group>"; };
		98F0571926ECAFB1000185E4 /* ViewController.swift */ = {isa = PBXFileReference; lastKnownFileType = sourcecode.swift; path = ViewController.swift; sourceTree = "<group>"; };
		98F0571C26ECAFB1000185E4 /* Base */ = {isa = PBXFileReference; lastKnownFileType = file.storyboard; name = Base; path = Base.lproj/Main.storyboard; sourceTree = "<group>"; };
		98F0571E26ECAFB2000185E4 /* Assets.xcassets */ = {isa = PBXFileReference; lastKnownFileType = folder.assetcatalog; path = Assets.xcassets; sourceTree = "<group>"; };
		98F0572126ECAFB2000185E4 /* Base */ = {isa = PBXFileReference; lastKnownFileType = file.storyboard; name = Base; path = Base.lproj/LaunchScreen.storyboard; sourceTree = "<group>"; };
		98F0572326ECAFB2000185E4 /* Info.plist */ = {isa = PBXFileReference; lastKnownFileType = text.plist.xml; path = Info.plist; sourceTree = "<group>"; };
		98F0572B26ECB37F000185E4 /* BLE_Test.entitlements */ = {isa = PBXFileReference; lastKnownFileType = text.plist.entitlements; path = BLE_Test.entitlements; sourceTree = "<group>"; };
		98F0572D26ECB37F000185E4 /* ExternalAccessory.framework */ = {isa = PBXFileReference; lastKnownFileType = wrapper.framework; name = ExternalAccessory.framework; path = System/Library/Frameworks/ExternalAccessory.framework; sourceTree = SDKROOT; };
/* End PBXFileReference section */

/* Begin PBXFrameworksBuildPhase section */
		98F0570F26ECAFB1000185E4 /* Frameworks */ = {
			isa = PBXFrameworksBuildPhase;
			buildActionMask = 2147483647;
			files = (
				98F0572E26ECB37F000185E4 /* ExternalAccessory.framework in Frameworks */,
			);
			runOnlyForDeploymentPostprocessing = 0;
		};
/* End PBXFrameworksBuildPhase section */

/* Begin PBXGroup section */
		983B641B2740D88E0028F56A /* BLE Manager */ = {
			isa = PBXGroup;
			children = (
				983B641C2740D8A20028F56A /* Command.swift */,
				983B641E2740DA640028F56A /* BLEManagerError.swift */,
				980F67DC272E86200081240B /* BLEManager.swift */,
			);
			path = "BLE Manager";
			sourceTree = "<group>";
		};
		98F0570926ECAFB0000185E4 = {
			isa = PBXGroup;
			children = (
				98F0571426ECAFB1000185E4 /* BLE_Test */,
				98F0571326ECAFB1000185E4 /* Products */,
				98F0572C26ECB37F000185E4 /* Frameworks */,
			);
			sourceTree = "<group>";
		};
		98F0571326ECAFB1000185E4 /* Products */ = {
			isa = PBXGroup;
			children = (
				98F0571226ECAFB1000185E4 /* BLE_Test.app */,
			);
			name = Products;
			sourceTree = "<group>";
		};
		98F0571426ECAFB1000185E4 /* BLE_Test */ = {
			isa = PBXGroup;
			children = (
				983B641B2740D88E0028F56A /* BLE Manager */,
				98F0572B26ECB37F000185E4 /* BLE_Test.entitlements */,
				98F0571526ECAFB1000185E4 /* AppDelegate.swift */,
				98F0571726ECAFB1000185E4 /* SceneDelegate.swift */,
				98F0571926ECAFB1000185E4 /* ViewController.swift */,
				98F0571B26ECAFB1000185E4 /* Main.storyboard */,
				98F0571E26ECAFB2000185E4 /* Assets.xcassets */,
				98F0572026ECAFB2000185E4 /* LaunchScreen.storyboard */,
				98F0572326ECAFB2000185E4 /* Info.plist */,
			);
			path = BLE_Test;
			sourceTree = "<group>";
		};
		98F0572C26ECB37F000185E4 /* Frameworks */ = {
			isa = PBXGroup;
			children = (
				98F0572D26ECB37F000185E4 /* ExternalAccessory.framework */,
			);
			name = Frameworks;
			sourceTree = "<group>";
		};
/* End PBXGroup section */

/* Begin PBXNativeTarget section */
		98F0571126ECAFB1000185E4 /* BLE_Test */ = {
			isa = PBXNativeTarget;
			buildConfigurationList = 98F0572626ECAFB2000185E4 /* Build configuration list for PBXNativeTarget "BLE_Test" */;
			buildPhases = (
				98F0570E26ECAFB1000185E4 /* Sources */,
				98F0570F26ECAFB1000185E4 /* Frameworks */,
				98F0571026ECAFB1000185E4 /* Resources */,
			);
			buildRules = (
			);
			dependencies = (
			);
			name = BLE_Test;
			productName = BLE_Test;
			productReference = 98F0571226ECAFB1000185E4 /* BLE_Test.app */;
			productType = "com.apple.product-type.application";
		};
/* End PBXNativeTarget section */

/* Begin PBXProject section */
		98F0570A26ECAFB0000185E4 /* Project object */ = {
			isa = PBXProject;
			attributes = {
				LastSwiftUpdateCheck = 1220;
				LastUpgradeCheck = 1220;
				TargetAttributes = {
					98F0571126ECAFB1000185E4 = {
						CreatedOnToolsVersion = 12.2;
					};
				};
			};
			buildConfigurationList = 98F0570D26ECAFB0000185E4 /* Build configuration list for PBXProject "BLE_Test" */;
			compatibilityVersion = "Xcode 9.3";
			developmentRegion = en;
			hasScannedForEncodings = 0;
			knownRegions = (
				en,
				Base,
			);
			mainGroup = 98F0570926ECAFB0000185E4;
			productRefGroup = 98F0571326ECAFB1000185E4 /* Products */;
			projectDirPath = "";
			projectRoot = "";
			targets = (
				98F0571126ECAFB1000185E4 /* BLE_Test */,
			);
		};
/* End PBXProject section */

/* Begin PBXResourcesBuildPhase section */
		98F0571026ECAFB1000185E4 /* Resources */ = {
			isa = PBXResourcesBuildPhase;
			buildActionMask = 2147483647;
			files = (
				98F0572226ECAFB2000185E4 /* LaunchScreen.storyboard in Resources */,
				98F0571F26ECAFB2000185E4 /* Assets.xcassets in Resources */,
				98F0571D26ECAFB1000185E4 /* Main.storyboard in Resources */,
			);
			runOnlyForDeploymentPostprocessing = 0;
		};
/* End PBXResourcesBuildPhase section */

/* Begin PBXSourcesBuildPhase section */
		98F0570E26ECAFB1000185E4 /* Sources */ = {
			isa = PBXSourcesBuildPhase;
			buildActionMask = 2147483647;
			files = (
				983B641F2740DA640028F56A /* BLEManagerError.swift in Sources */,
				98F0571A26ECAFB1000185E4 /* ViewController.swift in Sources */,
				980F67DD272E86200081240B /* BLEManager.swift in Sources */,
				98F0571626ECAFB1000185E4 /* AppDelegate.swift in Sources */,
				983B641D2740D8A20028F56A /* Command.swift in Sources */,
				98F0571826ECAFB1000185E4 /* SceneDelegate.swift in Sources */,
			);
			runOnlyForDeploymentPostprocessing = 0;
		};
/* End PBXSourcesBuildPhase section */

/* Begin PBXVariantGroup section */
		98F0571B26ECAFB1000185E4 /* Main.storyboard */ = {
			isa = PBXVariantGroup;
			children = (
				98F0571C26ECAFB1000185E4 /* Base */,
			);
			name = Main.storyboard;
			sourceTree = "<group>";
		};
		98F0572026ECAFB2000185E4 /* LaunchScreen.storyboard */ = {
			isa = PBXVariantGroup;
			children = (
				98F0572126ECAFB2000185E4 /* Base */,
			);
			name = LaunchScreen.storyboard;
			sourceTree = "<group>";
		};
/* End PBXVariantGroup section */

/* Begin XCBuildConfiguration section */
		98F0572426ECAFB2000185E4 /* Debug */ = {
			isa = XCBuildConfiguration;
			buildSettings = {
				ALWAYS_SEARCH_USER_PATHS = NO;
				CLANG_ANALYZER_NONNULL = YES;
				CLANG_ANALYZER_NUMBER_OBJECT_CONVERSION = YES_AGGRESSIVE;
				CLANG_CXX_LANGUAGE_STANDARD = "gnu++14";
				CLANG_CXX_LIBRARY = "libc++";
				CLANG_ENABLE_MODULES = YES;
				CLANG_ENABLE_OBJC_ARC = YES;
				CLANG_ENABLE_OBJC_WEAK = YES;
				CLANG_WARN_BLOCK_CAPTURE_AUTORELEASING = YES;
				CLANG_WARN_BOOL_CONVERSION = YES;
				CLANG_WARN_COMMA = YES;
				CLANG_WARN_CONSTANT_CONVERSION = YES;
				CLANG_WARN_DEPRECATED_OBJC_IMPLEMENTATIONS = YES;
				CLANG_WARN_DIRECT_OBJC_ISA_USAGE = YES_ERROR;
				CLANG_WARN_DOCUMENTATION_COMMENTS = YES;
				CLANG_WARN_EMPTY_BODY = YES;
				CLANG_WARN_ENUM_CONVERSION = YES;
				CLANG_WARN_INFINITE_RECURSION = YES;
				CLANG_WARN_INT_CONVERSION = YES;
				CLANG_WARN_NON_LITERAL_NULL_CONVERSION = YES;
				CLANG_WARN_OBJC_IMPLICIT_RETAIN_SELF = YES;
				CLANG_WARN_OBJC_LITERAL_CONVERSION = YES;
				CLANG_WARN_OBJC_ROOT_CLASS = YES_ERROR;
				CLANG_WARN_QUOTED_INCLUDE_IN_FRAMEWORK_HEADER = YES;
				CLANG_WARN_RANGE_LOOP_ANALYSIS = YES;
				CLANG_WARN_STRICT_PROTOTYPES = YES;
				CLANG_WARN_SUSPICIOUS_MOVE = YES;
				CLANG_WARN_UNGUARDED_AVAILABILITY = YES_AGGRESSIVE;
				CLANG_WARN_UNREACHABLE_CODE = YES;
				CLANG_WARN__DUPLICATE_METHOD_MATCH = YES;
				COPY_PHASE_STRIP = NO;
				DEBUG_INFORMATION_FORMAT = dwarf;
				ENABLE_STRICT_OBJC_MSGSEND = YES;
				ENABLE_TESTABILITY = YES;
				GCC_C_LANGUAGE_STANDARD = gnu11;
				GCC_DYNAMIC_NO_PIC = NO;
				GCC_NO_COMMON_BLOCKS = YES;
				GCC_OPTIMIZATION_LEVEL = 0;
				GCC_PREPROCESSOR_DEFINITIONS = (
					"DEBUG=1",
					"$(inherited)",
				);
				GCC_WARN_64_TO_32_BIT_CONVERSION = YES;
				GCC_WARN_ABOUT_RETURN_TYPE = YES_ERROR;
				GCC_WARN_UNDECLARED_SELECTOR = YES;
				GCC_WARN_UNINITIALIZED_AUTOS = YES_AGGRESSIVE;
				GCC_WARN_UNUSED_FUNCTION = YES;
				GCC_WARN_UNUSED_VARIABLE = YES;
				IPHONEOS_DEPLOYMENT_TARGET = 12.1;
				MTL_ENABLE_DEBUG_INFO = INCLUDE_SOURCE;
				MTL_FAST_MATH = YES;
				ONLY_ACTIVE_ARCH = YES;
				SDKROOT = iphoneos;
				SWIFT_ACTIVE_COMPILATION_CONDITIONS = DEBUG;
				SWIFT_OPTIMIZATION_LEVEL = "-Onone";
			};
			name = Debug;
		};
		98F0572526ECAFB2000185E4 /* Release */ = {
			isa = XCBuildConfiguration;
			buildSettings = {
				ALWAYS_SEARCH_USER_PATHS = NO;
				CLANG_ANALYZER_NONNULL = YES;
				CLANG_ANALYZER_NUMBER_OBJECT_CONVERSION = YES_AGGRESSIVE;
				CLANG_CXX_LANGUAGE_STANDARD = "gnu++14";
				CLANG_CXX_LIBRARY = "libc++";
				CLANG_ENABLE_MODULES = YES;
				CLANG_ENABLE_OBJC_ARC = YES;
				CLANG_ENABLE_OBJC_WEAK = YES;
				CLANG_WARN_BLOCK_CAPTURE_AUTORELEASING = YES;
				CLANG_WARN_BOOL_CONVERSION = YES;
				CLANG_WARN_COMMA = YES;
				CLANG_WARN_CONSTANT_CONVERSION = YES;
				CLANG_WARN_DEPRECATED_OBJC_IMPLEMENTATIONS = YES;
				CLANG_WARN_DIRECT_OBJC_ISA_USAGE = YES_ERROR;
				CLANG_WARN_DOCUMENTATION_COMMENTS = YES;
				CLANG_WARN_EMPTY_BODY = YES;
				CLANG_WARN_ENUM_CONVERSION = YES;
				CLANG_WARN_INFINITE_RECURSION = YES;
				CLANG_WARN_INT_CONVERSION = YES;
				CLANG_WARN_NON_LITERAL_NULL_CONVERSION = YES;
				CLANG_WARN_OBJC_IMPLICIT_RETAIN_SELF = YES;
				CLANG_WARN_OBJC_LITERAL_CONVERSION = YES;
				CLANG_WARN_OBJC_ROOT_CLASS = YES_ERROR;
				CLANG_WARN_QUOTED_INCLUDE_IN_FRAMEWORK_HEADER = YES;
				CLANG_WARN_RANGE_LOOP_ANALYSIS = YES;
				CLANG_WARN_STRICT_PROTOTYPES = YES;
				CLANG_WARN_SUSPICIOUS_MOVE = YES;
				CLANG_WARN_UNGUARDED_AVAILABILITY = YES_AGGRESSIVE;
				CLANG_WARN_UNREACHABLE_CODE = YES;
				CLANG_WARN__DUPLICATE_METHOD_MATCH = YES;
				COPY_PHASE_STRIP = NO;
				DEBUG_INFORMATION_FORMAT = "dwarf-with-dsym";
				ENABLE_NS_ASSERTIONS = NO;
				ENABLE_STRICT_OBJC_MSGSEND = YES;
				GCC_C_LANGUAGE_STANDARD = gnu11;
				GCC_NO_COMMON_BLOCKS = YES;
				GCC_WARN_64_TO_32_BIT_CONVERSION = YES;
				GCC_WARN_ABOUT_RETURN_TYPE = YES_ERROR;
				GCC_WARN_UNDECLARED_SELECTOR = YES;
				GCC_WARN_UNINITIALIZED_AUTOS = YES_AGGRESSIVE;
				GCC_WARN_UNUSED_FUNCTION = YES;
				GCC_WARN_UNUSED_VARIABLE = YES;
				IPHONEOS_DEPLOYMENT_TARGET = 12.1;
				MTL_ENABLE_DEBUG_INFO = NO;
				MTL_FAST_MATH = YES;
				SDKROOT = iphoneos;
				SWIFT_COMPILATION_MODE = wholemodule;
				SWIFT_OPTIMIZATION_LEVEL = "-O";
				VALIDATE_PRODUCT = YES;
			};
			name = Release;
		};
		98F0572726ECAFB2000185E4 /* Debug */ = {
			isa = XCBuildConfiguration;
			buildSettings = {
				ASSETCATALOG_COMPILER_APPICON_NAME = AppIcon;
				ASSETCATALOG_COMPILER_GLOBAL_ACCENT_COLOR_NAME = AccentColor;
				CODE_SIGN_ENTITLEMENTS = BLE_Test/BLE_Test.entitlements;
				CODE_SIGN_STYLE = Automatic;
				DEVELOPMENT_TEAM = P9L2R22284;
				INFOPLIST_FILE = BLE_Test/Info.plist;
				LD_RUNPATH_SEARCH_PATHS = (
					"$(inherited)",
					"@executable_path/Frameworks",
				);
				PRODUCT_BUNDLE_IDENTIFIER = "com.diuuma.BLE-Test";
				PRODUCT_NAME = "$(TARGET_NAME)";
				SWIFT_VERSION = 5.0;
				TARGETED_DEVICE_FAMILY = "1,2";
			};
			name = Debug;
		};
		98F0572826ECAFB2000185E4 /* Release */ = {
			isa = XCBuildConfiguration;
			buildSettings = {
				ASSETCATALOG_COMPILER_APPICON_NAME = AppIcon;
				ASSETCATALOG_COMPILER_GLOBAL_ACCENT_COLOR_NAME = AccentColor;
				CODE_SIGN_ENTITLEMENTS = BLE_Test/BLE_Test.entitlements;
				CODE_SIGN_STYLE = Automatic;
				DEVELOPMENT_TEAM = P9L2R22284;
				INFOPLIST_FILE = BLE_Test/Info.plist;
				LD_RUNPATH_SEARCH_PATHS = (
					"$(inherited)",
					"@executable_path/Frameworks",
				);
				PRODUCT_BUNDLE_IDENTIFIER = "com.diuuma.BLE-Test";
				PRODUCT_NAME = "$(TARGET_NAME)";
				SWIFT_VERSION = 5.0;
				TARGETED_DEVICE_FAMILY = "1,2";
			};
			name = Release;
		};
/* End XCBuildConfiguration section */

/* Begin XCConfigurationList section */
		98F0570D26ECAFB0000185E4 /* Build configuration list for PBXProject "BLE_Test" */ = {
			isa = XCConfigurationList;
			buildConfigurations = (
				98F0572426ECAFB2000185E4 /* Debug */,
				98F0572526ECAFB2000185E4 /* Release */,
			);
			defaultConfigurationIsVisible = 0;
			defaultConfigurationName = Release;
		};
		98F0572626ECAFB2000185E4 /* Build configuration list for PBXNativeTarget "BLE_Test" */ = {
			isa = XCConfigurationList;
			buildConfigurations = (
				98F0572726ECAFB2000185E4 /* Debug */,
				98F0572826ECAFB2000185E4 /* Release */,
			);
			defaultConfigurationIsVisible = 0;
			defaultConfigurationName = Release;
		};
/* End XCConfigurationList section */
	};
	rootObject = 98F0570A26ECAFB0000185E4 /* Project object */;
}
